// !$*UTF8*$!
{
	archiveVersion = 1;
	classes = {
	};
	objectVersion = 50;
	objects = {

/* Begin PBXBuildFile section */
		EC33DE9F24CC0104007929BE /* AppDelegate.swift in Sources */ = {isa = PBXBuildFile; fileRef = EC33DE9E24CC0104007929BE /* AppDelegate.swift */; };
		EC33DEA124CC0104007929BE /* SceneDelegate.swift in Sources */ = {isa = PBXBuildFile; fileRef = EC33DEA024CC0104007929BE /* SceneDelegate.swift */; };
		EC33DEA324CC0104007929BE /* ViewController.swift in Sources */ = {isa = PBXBuildFile; fileRef = EC33DEA224CC0104007929BE /* ViewController.swift */; };
		EC33DEA624CC0104007929BE /* Main.storyboard in Resources */ = {isa = PBXBuildFile; fileRef = EC33DEA424CC0104007929BE /* Main.storyboard */; };
		EC33DEA824CC0106007929BE /* Assets.xcassets in Resources */ = {isa = PBXBuildFile; fileRef = EC33DEA724CC0106007929BE /* Assets.xcassets */; };
		EC33DEAB24CC0106007929BE /* LaunchScreen.storyboard in Resources */ = {isa = PBXBuildFile; fileRef = EC33DEA924CC0106007929BE /* LaunchScreen.storyboard */; };
		EC33DEB624CC021C007929BE /* VideoCollectionViewCell.swift in Sources */ = {isa = PBXBuildFile; fileRef = EC33DEB424CC021C007929BE /* VideoCollectionViewCell.swift */; };
		EC33DEB724CC021C007929BE /* VideoCollectionViewCell.xib in Resources */ = {isa = PBXBuildFile; fileRef = EC33DEB524CC021C007929BE /* VideoCollectionViewCell.xib */; };
		EC33DEBC24CC072F007929BE /* CommentTableViewCell.swift in Sources */ = {isa = PBXBuildFile; fileRef = EC33DEBA24CC072F007929BE /* CommentTableViewCell.swift */; };
		EC33DEBD24CC072F007929BE /* CommentTableViewCell.xib in Resources */ = {isa = PBXBuildFile; fileRef = EC33DEBB24CC072F007929BE /* CommentTableViewCell.xib */; };
		EC33DEC024CC0A77007929BE /* CollectionTableViewCell.swift in Sources */ = {isa = PBXBuildFile; fileRef = EC33DEBE24CC0A77007929BE /* CollectionTableViewCell.swift */; };
		EC33DEC124CC0A77007929BE /* CollectionTableViewCell.xib in Resources */ = {isa = PBXBuildFile; fileRef = EC33DEBF24CC0A77007929BE /* CollectionTableViewCell.xib */; };
		EC33DEC624CC1A7C007929BE /* HeaderTableViewCell.swift in Sources */ = {isa = PBXBuildFile; fileRef = EC33DEC424CC1A7C007929BE /* HeaderTableViewCell.swift */; };
		EC33DEC724CC1A7C007929BE /* HeaderTableViewCell.xib in Resources */ = {isa = PBXBuildFile; fileRef = EC33DEC524CC1A7C007929BE /* HeaderTableViewCell.xib */; };
/* End PBXBuildFile section */

/* Begin PBXFileReference section */
		EC33DE9B24CC0104007929BE /* UI.app */ = {isa = PBXFileReference; explicitFileType = wrapper.application; includeInIndex = 0; path = UI.app; sourceTree = BUILT_PRODUCTS_DIR; };
		EC33DE9E24CC0104007929BE /* AppDelegate.swift */ = {isa = PBXFileReference; lastKnownFileType = sourcecode.swift; path = AppDelegate.swift; sourceTree = "<group>"; };
		EC33DEA024CC0104007929BE /* SceneDelegate.swift */ = {isa = PBXFileReference; lastKnownFileType = sourcecode.swift; path = SceneDelegate.swift; sourceTree = "<group>"; };
		EC33DEA224CC0104007929BE /* ViewController.swift */ = {isa = PBXFileReference; lastKnownFileType = sourcecode.swift; path = ViewController.swift; sourceTree = "<group>"; };
		EC33DEA524CC0104007929BE /* Base */ = {isa = PBXFileReference; lastKnownFileType = file.storyboard; name = Base; path = Base.lproj/Main.storyboard; sourceTree = "<group>"; };
		EC33DEA724CC0106007929BE /* Assets.xcassets */ = {isa = PBXFileReference; lastKnownFileType = folder.assetcatalog; path = Assets.xcassets; sourceTree = "<group>"; };
		EC33DEAA24CC0106007929BE /* Base */ = {isa = PBXFileReference; lastKnownFileType = file.storyboard; name = Base; path = Base.lproj/LaunchScreen.storyboard; sourceTree = "<group>"; };
		EC33DEAC24CC0106007929BE /* Info.plist */ = {isa = PBXFileReference; lastKnownFileType = text.plist.xml; path = Info.plist; sourceTree = "<group>"; };
		EC33DEB424CC021C007929BE /* VideoCollectionViewCell.swift */ = {isa = PBXFileReference; lastKnownFileType = sourcecode.swift; path = VideoCollectionViewCell.swift; sourceTree = "<group>"; };
		EC33DEB524CC021C007929BE /* VideoCollectionViewCell.xib */ = {isa = PBXFileReference; lastKnownFileType = file.xib; path = VideoCollectionViewCell.xib; sourceTree = "<group>"; };
		EC33DEBA24CC072F007929BE /* CommentTableViewCell.swift */ = {isa = PBXFileReference; lastKnownFileType = sourcecode.swift; path = CommentTableViewCell.swift; sourceTree = "<group>"; };
		EC33DEBB24CC072F007929BE /* CommentTableViewCell.xib */ = {isa = PBXFileReference; lastKnownFileType = file.xib; path = CommentTableViewCell.xib; sourceTree = "<group>"; };
		EC33DEBE24CC0A77007929BE /* CollectionTableViewCell.swift */ = {isa = PBXFileReference; lastKnownFileType = sourcecode.swift; path = CollectionTableViewCell.swift; sourceTree = "<group>"; };
		EC33DEBF24CC0A77007929BE /* CollectionTableViewCell.xib */ = {isa = PBXFileReference; lastKnownFileType = file.xib; path = CollectionTableViewCell.xib; sourceTree = "<group>"; };
		EC33DEC424CC1A7C007929BE /* HeaderTableViewCell.swift */ = {isa = PBXFileReference; lastKnownFileType = sourcecode.swift; path = HeaderTableViewCell.swift; sourceTree = "<group>"; };
		EC33DEC524CC1A7C007929BE /* HeaderTableViewCell.xib */ = {isa = PBXFileReference; lastKnownFileType = file.xib; path = HeaderTableViewCell.xib; sourceTree = "<group>"; };
/* End PBXFileReference section */

/* Begin PBXFrameworksBuildPhase section */
		EC33DE9824CC0104007929BE /* Frameworks */ = {
			isa = PBXFrameworksBuildPhase;
			buildActionMask = 2147483647;
			files = (
			);
			runOnlyForDeploymentPostprocessing = 0;
		};
/* End PBXFrameworksBuildPhase section */

/* Begin PBXGroup section */
		EC33DE9224CC0104007929BE = {
			isa = PBXGroup;
			children = (
				EC33DE9D24CC0104007929BE /* UI */,
				EC33DE9C24CC0104007929BE /* Products */,
			);
			sourceTree = "<group>";
		};
		EC33DE9C24CC0104007929BE /* Products */ = {
			isa = PBXGroup;
			children = (
				EC33DE9B24CC0104007929BE /* UI.app */,
			);
			name = Products;
			sourceTree = "<group>";
		};
		EC33DE9D24CC0104007929BE /* UI */ = {
			isa = PBXGroup;
			children = (
				EC33DEB224CC01DD007929BE /* View */,
				EC33DE9E24CC0104007929BE /* AppDelegate.swift */,
				EC33DEA024CC0104007929BE /* SceneDelegate.swift */,
				EC33DEB324CC01EA007929BE /* Controller */,
				EC33DEA424CC0104007929BE /* Main.storyboard */,
				EC33DEA724CC0106007929BE /* Assets.xcassets */,
				EC33DEA924CC0106007929BE /* LaunchScreen.storyboard */,
				EC33DEAC24CC0106007929BE /* Info.plist */,
			);
			path = UI;
			sourceTree = "<group>";
		};
		EC33DEB224CC01DD007929BE /* View */ = {
			isa = PBXGroup;
			children = (
				EC33DEC324CC19DB007929BE /* CollectionViewCell */,
				EC33DEC224CC19CC007929BE /* TableViewCells */,
			);
			path = View;
			sourceTree = "<group>";
		};
		EC33DEB324CC01EA007929BE /* Controller */ = {
			isa = PBXGroup;
			children = (
				EC33DEA224CC0104007929BE /* ViewController.swift */,
			);
			path = Controller;
			sourceTree = "<group>";
		};
		EC33DEC224CC19CC007929BE /* TableViewCells */ = {
			isa = PBXGroup;
			children = (
				EC33DEBA24CC072F007929BE /* CommentTableViewCell.swift */,
				EC33DEBB24CC072F007929BE /* CommentTableViewCell.xib */,
				EC33DEBE24CC0A77007929BE /* CollectionTableViewCell.swift */,
				EC33DEBF24CC0A77007929BE /* CollectionTableViewCell.xib */,
				EC33DEC424CC1A7C007929BE /* HeaderTableViewCell.swift */,
				EC33DEC524CC1A7C007929BE /* HeaderTableViewCell.xib */,
			);
			path = TableViewCells;
			sourceTree = "<group>";
		};
		EC33DEC324CC19DB007929BE /* CollectionViewCell */ = {
			isa = PBXGroup;
			children = (
				EC33DEB424CC021C007929BE /* VideoCollectionViewCell.swift */,
				EC33DEB524CC021C007929BE /* VideoCollectionViewCell.xib */,
			);
			path = CollectionViewCell;
			sourceTree = "<group>";
		};
/* End PBXGroup section */

/* Begin PBXNativeTarget section */
		EC33DE9A24CC0104007929BE /* UI */ = {
			isa = PBXNativeTarget;
			buildConfigurationList = EC33DEAF24CC0106007929BE /* Build configuration list for PBXNativeTarget "UI" */;
			buildPhases = (
				EC33DE9724CC0104007929BE /* Sources */,
				EC33DE9824CC0104007929BE /* Frameworks */,
				EC33DE9924CC0104007929BE /* Resources */,
			);
			buildRules = (
			);
			dependencies = (
			);
			name = UI;
			productName = UI;
			productReference = EC33DE9B24CC0104007929BE /* UI.app */;
			productType = "com.apple.product-type.application";
		};
/* End PBXNativeTarget section */

/* Begin PBXProject section */
		EC33DE9324CC0104007929BE /* Project object */ = {
			isa = PBXProject;
			attributes = {
				LastSwiftUpdateCheck = 1100;
				LastUpgradeCheck = 1100;
				ORGANIZATIONNAME = "Anand Nigam";
				TargetAttributes = {
					EC33DE9A24CC0104007929BE = {
						CreatedOnToolsVersion = 11.0;
					};
				};
			};
			buildConfigurationList = EC33DE9624CC0104007929BE /* Build configuration list for PBXProject "UI" */;
			compatibilityVersion = "Xcode 9.3";
			developmentRegion = en;
			hasScannedForEncodings = 0;
			knownRegions = (
				en,
				Base,
			);
			mainGroup = EC33DE9224CC0104007929BE;
			productRefGroup = EC33DE9C24CC0104007929BE /* Products */;
			projectDirPath = "";
			projectRoot = "";
			targets = (
				EC33DE9A24CC0104007929BE /* UI */,
			);
		};
/* End PBXProject section */

/* Begin PBXResourcesBuildPhase section */
		EC33DE9924CC0104007929BE /* Resources */ = {
			isa = PBXResourcesBuildPhase;
			buildActionMask = 2147483647;
			files = (
				EC33DEAB24CC0106007929BE /* LaunchScreen.storyboard in Resources */,
				EC33DEC724CC1A7C007929BE /* HeaderTableViewCell.xib in Resources */,
				EC33DEC124CC0A77007929BE /* CollectionTableViewCell.xib in Resources */,
				EC33DEA824CC0106007929BE /* Assets.xcassets in Resources */,
				EC33DEB724CC021C007929BE /* VideoCollectionViewCell.xib in Resources */,
				EC33DEA624CC0104007929BE /* Main.storyboard in Resources */,
				EC33DEBD24CC072F007929BE /* CommentTableViewCell.xib in Resources */,
			);
			runOnlyForDeploymentPostprocessing = 0;
		};
/* End PBXResourcesBuildPhase section */

/* Begin PBXSourcesBuildPhase section */
		EC33DE9724CC0104007929BE /* Sources */ = {
			isa = PBXSourcesBuildPhase;
			buildActionMask = 2147483647;
			files = (
				EC33DEA324CC0104007929BE /* ViewController.swift in Sources */,
				EC33DEC024CC0A77007929BE /* CollectionTableViewCell.swift in Sources */,
				EC33DE9F24CC0104007929BE /* AppDelegate.swift in Sources */,
				EC33DEC624CC1A7C007929BE /* HeaderTableViewCell.swift in Sources */,
				EC33DEBC24CC072F007929BE /* CommentTableViewCell.swift in Sources */,
				EC33DEB624CC021C007929BE /* VideoCollectionViewCell.swift in Sources */,
				EC33DEA124CC0104007929BE /* SceneDelegate.swift in Sources */,
			);
			runOnlyForDeploymentPostprocessing = 0;
		};
/* End PBXSourcesBuildPhase section */

/* Begin PBXVariantGroup section */
		EC33DEA424CC0104007929BE /* Main.storyboard */ = {
			isa = PBXVariantGroup;
			children = (
				EC33DEA524CC0104007929BE /* Base */,
			);
			name = Main.storyboard;
			sourceTree = "<group>";
		};
		EC33DEA924CC0106007929BE /* LaunchScreen.storyboard */ = {
			isa = PBXVariantGroup;
			children = (
				EC33DEAA24CC0106007929BE /* Base */,
			);
			name = LaunchScreen.storyboard;
			sourceTree = "<group>";
		};
/* End PBXVariantGroup section */

/* Begin XCBuildConfiguration section */
		EC33DEAD24CC0106007929BE /* Debug */ = {
			isa = XCBuildConfiguration;
			buildSettings = {
				ALWAYS_SEARCH_USER_PATHS = NO;
				CLANG_ANALYZER_NONNULL = YES;
				CLANG_ANALYZER_NUMBER_OBJECT_CONVERSION = YES_AGGRESSIVE;
				CLANG_CXX_LANGUAGE_STANDARD = "gnu++14";
				CLANG_CXX_LIBRARY = "libc++";
				CLANG_ENABLE_MODULES = YES;
				CLANG_ENABLE_OBJC_ARC = YES;
				CLANG_ENABLE_OBJC_WEAK = YES;
				CLANG_WARN_BLOCK_CAPTURE_AUTORELEASING = YES;
				CLANG_WARN_BOOL_CONVERSION = YES;
				CLANG_WARN_COMMA = YES;
				CLANG_WARN_CONSTANT_CONVERSION = YES;
				CLANG_WARN_DEPRECATED_OBJC_IMPLEMENTATIONS = YES;
				CLANG_WARN_DIRECT_OBJC_ISA_USAGE = YES_ERROR;
				CLANG_WARN_DOCUMENTATION_COMMENTS = YES;
				CLANG_WARN_EMPTY_BODY = YES;
				CLANG_WARN_ENUM_CONVERSION = YES;
				CLANG_WARN_INFINITE_RECURSION = YES;
				CLANG_WARN_INT_CONVERSION = YES;
				CLANG_WARN_NON_LITERAL_NULL_CONVERSION = YES;
				CLANG_WARN_OBJC_IMPLICIT_RETAIN_SELF = YES;
				CLANG_WARN_OBJC_LITERAL_CONVERSION = YES;
				CLANG_WARN_OBJC_ROOT_CLASS = YES_ERROR;
				CLANG_WARN_RANGE_LOOP_ANALYSIS = YES;
				CLANG_WARN_STRICT_PROTOTYPES = YES;
				CLANG_WARN_SUSPICIOUS_MOVE = YES;
				CLANG_WARN_UNGUARDED_AVAILABILITY = YES_AGGRESSIVE;
				CLANG_WARN_UNREACHABLE_CODE = YES;
				CLANG_WARN__DUPLICATE_METHOD_MATCH = YES;
				COPY_PHASE_STRIP = NO;
				DEBUG_INFORMATION_FORMAT = dwarf;
				ENABLE_STRICT_OBJC_MSGSEND = YES;
				ENABLE_TESTABILITY = YES;
				GCC_C_LANGUAGE_STANDARD = gnu11;
				GCC_DYNAMIC_NO_PIC = NO;
				GCC_NO_COMMON_BLOCKS = YES;
				GCC_OPTIMIZATION_LEVEL = 0;
				GCC_PREPROCESSOR_DEFINITIONS = (
					"DEBUG=1",
					"$(inherited)",
				);
				GCC_WARN_64_TO_32_BIT_CONVERSION = YES;
				GCC_WARN_ABOUT_RETURN_TYPE = YES_ERROR;
				GCC_WARN_UNDECLARED_SELECTOR = YES;
				GCC_WARN_UNINITIALIZED_AUTOS = YES_AGGRESSIVE;
				GCC_WARN_UNUSED_FUNCTION = YES;
				GCC_WARN_UNUSED_VARIABLE = YES;
				IPHONEOS_DEPLOYMENT_TARGET = 13.0;
				MTL_ENABLE_DEBUG_INFO = INCLUDE_SOURCE;
				MTL_FAST_MATH = YES;
				ONLY_ACTIVE_ARCH = YES;
				SDKROOT = iphoneos;
				SWIFT_ACTIVE_COMPILATION_CONDITIONS = DEBUG;
				SWIFT_OPTIMIZATION_LEVEL = "-Onone";
			};
			name = Debug;
		};
		EC33DEAE24CC0106007929BE /* Release */ = {
			isa = XCBuildConfiguration;
			buildSettings = {
				ALWAYS_SEARCH_USER_PATHS = NO;
				CLANG_ANALYZER_NONNULL = YES;
				CLANG_ANALYZER_NUMBER_OBJECT_CONVERSION = YES_AGGRESSIVE;
				CLANG_CXX_LANGUAGE_STANDARD = "gnu++14";
				CLANG_CXX_LIBRARY = "libc++";
				CLANG_ENABLE_MODULES = YES;
				CLANG_ENABLE_OBJC_ARC = YES;
				CLANG_ENABLE_OBJC_WEAK = YES;
				CLANG_WARN_BLOCK_CAPTURE_AUTORELEASING = YES;
				CLANG_WARN_BOOL_CONVERSION = YES;
				CLANG_WARN_COMMA = YES;
				CLANG_WARN_CONSTANT_CONVERSION = YES;
				CLANG_WARN_DEPRECATED_OBJC_IMPLEMENTATIONS = YES;
				CLANG_WARN_DIRECT_OBJC_ISA_USAGE = YES_ERROR;
				CLANG_WARN_DOCUMENTATION_COMMENTS = YES;
				CLANG_WARN_EMPTY_BODY = YES;
				CLANG_WARN_ENUM_CONVERSION = YES;
				CLANG_WARN_INFINITE_RECURSION = YES;
				CLANG_WARN_INT_CONVERSION = YES;
				CLANG_WARN_NON_LITERAL_NULL_CONVERSION = YES;
				CLANG_WARN_OBJC_IMPLICIT_RETAIN_SELF = YES;
				CLANG_WARN_OBJC_LITERAL_CONVERSION = YES;
				CLANG_WARN_OBJC_ROOT_CLASS = YES_ERROR;
				CLANG_WARN_RANGE_LOOP_ANALYSIS = YES;
				CLANG_WARN_STRICT_PROTOTYPES = YES;
				CLANG_WARN_SUSPICIOUS_MOVE = YES;
				CLANG_WARN_UNGUARDED_AVAILABILITY = YES_AGGRESSIVE;
				CLANG_WARN_UNREACHABLE_CODE = YES;
				CLANG_WARN__DUPLICATE_METHOD_MATCH = YES;
				COPY_PHASE_STRIP = NO;
				DEBUG_INFORMATION_FORMAT = "dwarf-with-dsym";
				ENABLE_NS_ASSERTIONS = NO;
				ENABLE_STRICT_OBJC_MSGSEND = YES;
				GCC_C_LANGUAGE_STANDARD = gnu11;
				GCC_NO_COMMON_BLOCKS = YES;
				GCC_WARN_64_TO_32_BIT_CONVERSION = YES;
				GCC_WARN_ABOUT_RETURN_TYPE = YES_ERROR;
				GCC_WARN_UNDECLARED_SELECTOR = YES;
				GCC_WARN_UNINITIALIZED_AUTOS = YES_AGGRESSIVE;
				GCC_WARN_UNUSED_FUNCTION = YES;
				GCC_WARN_UNUSED_VARIABLE = YES;
				IPHONEOS_DEPLOYMENT_TARGET = 13.0;
				MTL_ENABLE_DEBUG_INFO = NO;
				MTL_FAST_MATH = YES;
				SDKROOT = iphoneos;
				SWIFT_COMPILATION_MODE = wholemodule;
				SWIFT_OPTIMIZATION_LEVEL = "-O";
				VALIDATE_PRODUCT = YES;
			};
			name = Release;
		};
		EC33DEB024CC0106007929BE /* Debug */ = {
			isa = XCBuildConfiguration;
			buildSettings = {
				ASSETCATALOG_COMPILER_APPICON_NAME = AppIcon;
				CODE_SIGN_STYLE = Automatic;
				DEVELOPMENT_TEAM = "";
				INFOPLIST_FILE = UI/Info.plist;
				LD_RUNPATH_SEARCH_PATHS = (
					"$(inherited)",
					"@executable_path/Frameworks",
				);
				PRODUCT_BUNDLE_IDENTIFIER = com.anand.nigam.UI;
				PRODUCT_NAME = "$(TARGET_NAME)";
				SWIFT_VERSION = 5.0;
				TARGETED_DEVICE_FAMILY = 1;
			};
			name = Debug;
		};
		EC33DEB124CC0106007929BE /* Release */ = {
			isa = XCBuildConfiguration;
			buildSettings = {
				ASSETCATALOG_COMPILER_APPICON_NAME = AppIcon;
				CODE_SIGN_STYLE = Automatic;
				DEVELOPMENT_TEAM = "";
				INFOPLIST_FILE = UI/Info.plist;
				LD_RUNPATH_SEARCH_PATHS = (
					"$(inherited)",
					"@executable_path/Frameworks",
				);
				PRODUCT_BUNDLE_IDENTIFIER = com.anand.nigam.UI;
				PRODUCT_NAME = "$(TARGET_NAME)";
				SWIFT_VERSION = 5.0;
				TARGETED_DEVICE_FAMILY = 1;
			};
			name = Release;
		};
/* End XCBuildConfiguration section */

/* Begin XCConfigurationList section */
		EC33DE9624CC0104007929BE /* Build configuration list for PBXProject "UI" */ = {
			isa = XCConfigurationList;
			buildConfigurations = (
				EC33DEAD24CC0106007929BE /* Debug */,
				EC33DEAE24CC0106007929BE /* Release */,
			);
			defaultConfigurationIsVisible = 0;
			defaultConfigurationName = Release;
		};
		EC33DEAF24CC0106007929BE /* Build configuration list for PBXNativeTarget "UI" */ = {
			isa = XCConfigurationList;
			buildConfigurations = (
				EC33DEB024CC0106007929BE /* Debug */,
				EC33DEB124CC0106007929BE /* Release */,
			);
			defaultConfigurationIsVisible = 0;
			defaultConfigurationName = Release;
		};
/* End XCConfigurationList section */
	};
	rootObject = EC33DE9324CC0104007929BE /* Project object */;
}
